
Microsoft Visual Studio Solution File, Format Version 12.00
# Visual Studio 15
VisualStudioVersion = 15.0.27130.2024
MinimumVisualStudioVersion = 10.0.40219.1
Project("{FAE04EC0-301F-11D3-BF4B-00C04F79EFBC}") = "XamarinForms_PrismExample.Android", "XamarinForms_PrismExample\XamarinForms_PrismExample.Android\XamarinForms_PrismExample.Android.csproj", "{AE6A2F6C-C4FC-4C0B-9330-92C1B024A827}"
EndProject
Project("{FAE04EC0-301F-11D3-BF4B-00C04F79EFBC}") = "XamarinForms_PrismExample.iOS", "XamarinForms_PrismExample\XamarinForms_PrismExample.iOS\XamarinForms_PrismExample.iOS.csproj", "{C878A8E0-9EE4-43B8-B423-8F302BE07435}"
EndProject
Project("{FAE04EC0-301F-11D3-BF4B-00C04F79EFBC}") = "XamarinForms_PrismExample.UWP", "XamarinForms_PrismExample\XamarinForms_PrismExample.UWP\XamarinForms_PrismExample.UWP.csproj", "{CCA149C6-3C72-4659-A4A1-13C9CC0DD6CE}"
EndProject
Project("{FAE04EC0-301F-11D3-BF4B-00C04F79EFBC}") = "XamarinForms_PrismExample", "XamarinForms_PrismExample\XamarinForms_PrismExample\XamarinForms_PrismExample.csproj", "{FE28781E-7881-4980-B0CB-C91DCB68CC7D}"
EndProject
Global
	GlobalSection(SolutionConfigurationPlatforms) = preSolution
		Ad-Hoc|Any CPU = Ad-Hoc|Any CPU
		Ad-Hoc|ARM = Ad-Hoc|ARM
		Ad-Hoc|iPhone = Ad-Hoc|iPhone
		Ad-Hoc|iPhoneSimulator = Ad-Hoc|iPhoneSimulator
		Ad-Hoc|x64 = Ad-Hoc|x64
		Ad-Hoc|x86 = Ad-Hoc|x86
		AppStore|Any CPU = AppStore|Any CPU
		AppStore|ARM = AppStore|ARM
		AppStore|iPhone = AppStore|iPhone
		AppStore|iPhoneSimulator = AppStore|iPhoneSimulator
		AppStore|x64 = AppStore|x64
		AppStore|x86 = AppStore|x86
		Debug|Any CPU = Debug|Any CPU
		Debug|ARM = Debug|ARM
		Debug|iPhone = Debug|iPhone
		Debug|iPhoneSimulator = Debug|iPhoneSimulator
		Debug|x64 = Debug|x64
		Debug|x86 = Debug|x86
		Release|Any CPU = Release|Any CPU
		Release|ARM = Release|ARM
		Release|iPhone = Release|iPhone
		Release|iPhoneSimulator = Release|iPhoneSimulator
		Release|x64 = Release|x64
		Release|x86 = Release|x86
	EndGlobalSection
	GlobalSection(ProjectConfigurationPlatforms) = postSolution
		{AE6A2F6C-C4FC-4C0B-9330-92C1B024A827}.Ad-Hoc|Any CPU.ActiveCfg = Release|Any CPU
		{AE6A2F6C-C4FC-4C0B-9330-92C1B024A827}.Ad-Hoc|Any CPU.Build.0 = Release|Any CPU
		{AE6A2F6C-C4FC-4C0B-9330-92C1B024A827}.Ad-Hoc|Any CPU.Deploy.0 = Release|Any CPU
		{AE6A2F6C-C4FC-4C0B-9330-92C1B024A827}.Ad-Hoc|ARM.ActiveCfg = Release|Any CPU
		{AE6A2F6C-C4FC-4C0B-9330-92C1B024A827}.Ad-Hoc|ARM.Build.0 = Release|Any CPU
		{AE6A2F6C-C4FC-4C0B-9330-92C1B024A827}.Ad-Hoc|ARM.Deploy.0 = Release|Any CPU
		{AE6A2F6C-C4FC-4C0B-9330-92C1B024A827}.Ad-Hoc|iPhone.ActiveCfg = Release|Any CPU
		{AE6A2F6C-C4FC-4C0B-9330-92C1B024A827}.Ad-Hoc|iPhone.Build.0 = Release|Any CPU
		{AE6A2F6C-C4FC-4C0B-9330-92C1B024A827}.Ad-Hoc|iPhone.Deploy.0 = Release|Any CPU
		{AE6A2F6C-C4FC-4C0B-9330-92C1B024A827}.Ad-Hoc|iPhoneSimulator.ActiveCfg = Release|Any CPU
		{AE6A2F6C-C4FC-4C0B-9330-92C1B024A827}.Ad-Hoc|iPhoneSimulator.Build.0 = Release|Any CPU
		{AE6A2F6C-C4FC-4C0B-9330-92C1B024A827}.Ad-Hoc|iPhoneSimulator.Deploy.0 = Release|Any CPU
		{AE6A2F6C-C4FC-4C0B-9330-92C1B024A827}.Ad-Hoc|x64.ActiveCfg = Release|Any CPU
		{AE6A2F6C-C4FC-4C0B-9330-92C1B024A827}.Ad-Hoc|x64.Build.0 = Release|Any CPU
		{AE6A2F6C-C4FC-4C0B-9330-92C1B024A827}.Ad-Hoc|x64.Deploy.0 = Release|Any CPU
		{AE6A2F6C-C4FC-4C0B-9330-92C1B024A827}.Ad-Hoc|x86.ActiveCfg = Release|Any CPU
		{AE6A2F6C-C4FC-4C0B-9330-92C1B024A827}.Ad-Hoc|x86.Build.0 = Release|Any CPU
		{AE6A2F6C-C4FC-4C0B-9330-92C1B024A827}.Ad-Hoc|x86.Deploy.0 = Release|Any CPU
		{AE6A2F6C-C4FC-4C0B-9330-92C1B024A827}.AppStore|Any CPU.ActiveCfg = Release|Any CPU
		{AE6A2F6C-C4FC-4C0B-9330-92C1B024A827}.AppStore|Any CPU.Build.0 = Release|Any CPU
		{AE6A2F6C-C4FC-4C0B-9330-92C1B024A827}.AppStore|Any CPU.Deploy.0 = Release|Any CPU
		{AE6A2F6C-C4FC-4C0B-9330-92C1B024A827}.AppStore|ARM.ActiveCfg = Release|Any CPU
		{AE6A2F6C-C4FC-4C0B-9330-92C1B024A827}.AppStore|ARM.Build.0 = Release|Any CPU
		{AE6A2F6C-C4FC-4C0B-9330-92C1B024A827}.AppStore|ARM.Deploy.0 = Release|Any CPU
		{AE6A2F6C-C4FC-4C0B-9330-92C1B024A827}.AppStore|iPhone.ActiveCfg = Release|Any CPU
		{AE6A2F6C-C4FC-4C0B-9330-92C1B024A827}.AppStore|iPhone.Build.0 = Release|Any CPU
		{AE6A2F6C-C4FC-4C0B-9330-92C1B024A827}.AppStore|iPhone.Deploy.0 = Release|Any CPU
		{AE6A2F6C-C4FC-4C0B-9330-92C1B024A827}.AppStore|iPhoneSimulator.ActiveCfg = Release|Any CPU
		{AE6A2F6C-C4FC-4C0B-9330-92C1B024A827}.AppStore|iPhoneSimulator.Build.0 = Release|Any CPU
		{AE6A2F6C-C4FC-4C0B-9330-92C1B024A827}.AppStore|iPhoneSimulator.Deploy.0 = Release|Any CPU
		{AE6A2F6C-C4FC-4C0B-9330-92C1B024A827}.AppStore|x64.ActiveCfg = Release|Any CPU
		{AE6A2F6C-C4FC-4C0B-9330-92C1B024A827}.AppStore|x64.Build.0 = Release|Any CPU
		{AE6A2F6C-C4FC-4C0B-9330-92C1B024A827}.AppStore|x64.Deploy.0 = Release|Any CPU
		{AE6A2F6C-C4FC-4C0B-9330-92C1B024A827}.AppStore|x86.ActiveCfg = Release|Any CPU
		{AE6A2F6C-C4FC-4C0B-9330-92C1B024A827}.AppStore|x86.Build.0 = Release|Any CPU
		{AE6A2F6C-C4FC-4C0B-9330-92C1B024A827}.AppStore|x86.Deploy.0 = Release|Any CPU
		{AE6A2F6C-C4FC-4C0B-9330-92C1B024A827}.Debug|Any CPU.ActiveCfg = Debug|Any CPU
		{AE6A2F6C-C4FC-4C0B-9330-92C1B024A827}.Debug|Any CPU.Build.0 = Debug|Any CPU
		{AE6A2F6C-C4FC-4C0B-9330-92C1B024A827}.Debug|Any CPU.Deploy.0 = Debug|Any CPU
		{AE6A2F6C-C4FC-4C0B-9330-92C1B024A827}.Debug|ARM.ActiveCfg = Debug|Any CPU
		{AE6A2F6C-C4FC-4C0B-9330-92C1B024A827}.Debug|ARM.Build.0 = Debug|Any CPU
		{AE6A2F6C-C4FC-4C0B-9330-92C1B024A827}.Debug|ARM.Deploy.0 = Debug|Any CPU
		{AE6A2F6C-C4FC-4C0B-9330-92C1B024A827}.Debug|iPhone.ActiveCfg = Debug|Any CPU
		{AE6A2F6C-C4FC-4C0B-9330-92C1B024A827}.Debug|iPhone.Build.0 = Debug|Any CPU
		{AE6A2F6C-C4FC-4C0B-9330-92C1B024A827}.Debug|iPhone.Deploy.0 = Debug|Any CPU
		{AE6A2F6C-C4FC-4C0B-9330-92C1B024A827}.Debug|iPhoneSimulator.ActiveCfg = Debug|Any CPU
		{AE6A2F6C-C4FC-4C0B-9330-92C1B024A827}.Debug|iPhoneSimulator.Build.0 = Debug|Any CPU
		{AE6A2F6C-C4FC-4C0B-9330-92C1B024A827}.Debug|iPhoneSimulator.Deploy.0 = Debug|Any CPU
		{AE6A2F6C-C4FC-4C0B-9330-92C1B024A827}.Debug|x64.ActiveCfg = Debug|Any CPU
		{AE6A2F6C-C4FC-4C0B-9330-92C1B024A827}.Debug|x64.Build.0 = Debug|Any CPU
		{AE6A2F6C-C4FC-4C0B-9330-92C1B024A827}.Debug|x64.Deploy.0 = Debug|Any CPU
		{AE6A2F6C-C4FC-4C0B-9330-92C1B024A827}.Debug|x86.ActiveCfg = Debug|Any CPU
		{AE6A2F6C-C4FC-4C0B-9330-92C1B024A827}.Debug|x86.Build.0 = Debug|Any CPU
		{AE6A2F6C-C4FC-4C0B-9330-92C1B024A827}.Debug|x86.Deploy.0 = Debug|Any CPU
		{AE6A2F6C-C4FC-4C0B-9330-92C1B024A827}.Release|Any CPU.ActiveCfg = Release|Any CPU
		{AE6A2F6C-C4FC-4C0B-9330-92C1B024A827}.Release|Any CPU.Build.0 = Release|Any CPU
		{AE6A2F6C-C4FC-4C0B-9330-92C1B024A827}.Release|Any CPU.Deploy.0 = Release|Any CPU
		{AE6A2F6C-C4FC-4C0B-9330-92C1B024A827}.Release|ARM.ActiveCfg = Release|Any CPU
		{AE6A2F6C-C4FC-4C0B-9330-92C1B024A827}.Release|ARM.Build.0 = Release|Any CPU
		{AE6A2F6C-C4FC-4C0B-9330-92C1B024A827}.Release|ARM.Deploy.0 = Release|Any CPU
		{AE6A2F6C-C4FC-4C0B-9330-92C1B024A827}.Release|iPhone.ActiveCfg = Release|Any CPU
		{AE6A2F6C-C4FC-4C0B-9330-92C1B024A827}.Release|iPhone.Build.0 = Release|Any CPU
		{AE6A2F6C-C4FC-4C0B-9330-92C1B024A827}.Release|iPhone.Deploy.0 = Release|Any CPU
		{AE6A2F6C-C4FC-4C0B-9330-92C1B024A827}.Release|iPhoneSimulator.ActiveCfg = Release|Any CPU
		{AE6A2F6C-C4FC-4C0B-9330-92C1B024A827}.Release|iPhoneSimulator.Build.0 = Release|Any CPU
		{AE6A2F6C-C4FC-4C0B-9330-92C1B024A827}.Release|iPhoneSimulator.Deploy.0 = Release|Any CPU
		{AE6A2F6C-C4FC-4C0B-9330-92C1B024A827}.Release|x64.ActiveCfg = Release|Any CPU
		{AE6A2F6C-C4FC-4C0B-9330-92C1B024A827}.Release|x64.Build.0 = Release|Any CPU
		{AE6A2F6C-C4FC-4C0B-9330-92C1B024A827}.Release|x64.Deploy.0 = Release|Any CPU
		{AE6A2F6C-C4FC-4C0B-9330-92C1B024A827}.Release|x86.ActiveCfg = Release|Any CPU
		{AE6A2F6C-C4FC-4C0B-9330-92C1B024A827}.Release|x86.Build.0 = Release|Any CPU
		{AE6A2F6C-C4FC-4C0B-9330-92C1B024A827}.Release|x86.Deploy.0 = Release|Any CPU
		{C878A8E0-9EE4-43B8-B423-8F302BE07435}.Ad-Hoc|Any CPU.ActiveCfg = Ad-Hoc|iPhone
		{C878A8E0-9EE4-43B8-B423-8F302BE07435}.Ad-Hoc|ARM.ActiveCfg = Ad-Hoc|iPhone
		{C878A8E0-9EE4-43B8-B423-8F302BE07435}.Ad-Hoc|iPhone.ActiveCfg = Ad-Hoc|iPhone
		{C878A8E0-9EE4-43B8-B423-8F302BE07435}.Ad-Hoc|iPhone.Build.0 = Ad-Hoc|iPhone
		{C878A8E0-9EE4-43B8-B423-8F302BE07435}.Ad-Hoc|iPhoneSimulator.ActiveCfg = Ad-Hoc|iPhoneSimulator
		{C878A8E0-9EE4-43B8-B423-8F302BE07435}.Ad-Hoc|iPhoneSimulator.Build.0 = Ad-Hoc|iPhoneSimulator
		{C878A8E0-9EE4-43B8-B423-8F302BE07435}.Ad-Hoc|x64.ActiveCfg = Ad-Hoc|iPhone
		{C878A8E0-9EE4-43B8-B423-8F302BE07435}.Ad-Hoc|x86.ActiveCfg = Ad-Hoc|iPhone
		{C878A8E0-9EE4-43B8-B423-8F302BE07435}.AppStore|Any CPU.ActiveCfg = AppStore|iPhone
		{C878A8E0-9EE4-43B8-B423-8F302BE07435}.AppStore|ARM.ActiveCfg = AppStore|iPhone
		{C878A8E0-9EE4-43B8-B423-8F302BE07435}.AppStore|iPhone.ActiveCfg = AppStore|iPhone
		{C878A8E0-9EE4-43B8-B423-8F302BE07435}.AppStore|iPhone.Build.0 = AppStore|iPhone
		{C878A8E0-9EE4-43B8-B423-8F302BE07435}.AppStore|iPhoneSimulator.ActiveCfg = AppStore|iPhoneSimulator
		{C878A8E0-9EE4-43B8-B423-8F302BE07435}.AppStore|iPhoneSimulator.Build.0 = AppStore|iPhoneSimulator
		{C878A8E0-9EE4-43B8-B423-8F302BE07435}.AppStore|x64.ActiveCfg = AppStore|iPhone
		{C878A8E0-9EE4-43B8-B423-8F302BE07435}.AppStore|x86.ActiveCfg = AppStore|iPhone
		{C878A8E0-9EE4-43B8-B423-8F302BE07435}.Debug|Any CPU.ActiveCfg = Debug|iPhone
		{C878A8E0-9EE4-43B8-B423-8F302BE07435}.Debug|ARM.ActiveCfg = Debug|iPhone
		{C878A8E0-9EE4-43B8-B423-8F302BE07435}.Debug|iPhone.ActiveCfg = Debug|iPhone
		{C878A8E0-9EE4-43B8-B423-8F302BE07435}.Debug|iPhone.Build.0 = Debug|iPhone
		{C878A8E0-9EE4-43B8-B423-8F302BE07435}.Debug|iPhoneSimulator.ActiveCfg = Debug|iPhoneSimulator
		{C878A8E0-9EE4-43B8-B423-8F302BE07435}.Debug|iPhoneSimulator.Build.0 = Debug|iPhoneSimulator
		{C878A8E0-9EE4-43B8-B423-8F302BE07435}.Debug|x64.ActiveCfg = Debug|iPhone
		{C878A8E0-9EE4-43B8-B423-8F302BE07435}.Debug|x86.ActiveCfg = Debug|iPhone
		{C878A8E0-9EE4-43B8-B423-8F302BE07435}.Release|Any CPU.ActiveCfg = Release|iPhone
		{C878A8E0-9EE4-43B8-B423-8F302BE07435}.Release|ARM.ActiveCfg = Release|iPhone
		{C878A8E0-9EE4-43B8-B423-8F302BE07435}.Release|iPhone.ActiveCfg = Release|iPhone
		{C878A8E0-9EE4-43B8-B423-8F302BE07435}.Release|iPhone.Build.0 = Release|iPhone
		{C878A8E0-9EE4-43B8-B423-8F302BE07435}.Release|iPhoneSimulator.ActiveCfg = Release|iPhoneSimulator
		{C878A8E0-9EE4-43B8-B423-8F302BE07435}.Release|iPhoneSimulator.Build.0 = Release|iPhoneSimulator
		{C878A8E0-9EE4-43B8-B423-8F302BE07435}.Release|x64.ActiveCfg = Release|iPhone
		{C878A8E0-9EE4-43B8-B423-8F302BE07435}.Release|x86.ActiveCfg = Release|iPhone
		{CCA149C6-3C72-4659-A4A1-13C9CC0DD6CE}.Ad-Hoc|Any CPU.ActiveCfg = Release|x86
		{CCA149C6-3C72-4659-A4A1-13C9CC0DD6CE}.Ad-Hoc|Any CPU.Build.0 = Release|x86
		{CCA149C6-3C72-4659-A4A1-13C9CC0DD6CE}.Ad-Hoc|Any CPU.Deploy.0 = Release|x86
		{CCA149C6-3C72-4659-A4A1-13C9CC0DD6CE}.Ad-Hoc|ARM.ActiveCfg = Release|ARM
		{CCA149C6-3C72-4659-A4A1-13C9CC0DD6CE}.Ad-Hoc|ARM.Build.0 = Release|ARM
		{CCA149C6-3C72-4659-A4A1-13C9CC0DD6CE}.Ad-Hoc|ARM.Deploy.0 = Release|ARM
		{CCA149C6-3C72-4659-A4A1-13C9CC0DD6CE}.Ad-Hoc|iPhone.ActiveCfg = Release|x86
		{CCA149C6-3C72-4659-A4A1-13C9CC0DD6CE}.Ad-Hoc|iPhone.Build.0 = Release|x86
		{CCA149C6-3C72-4659-A4A1-13C9CC0DD6CE}.Ad-Hoc|iPhone.Deploy.0 = Release|x86
		{CCA149C6-3C72-4659-A4A1-13C9CC0DD6CE}.Ad-Hoc|iPhoneSimulator.ActiveCfg = Release|x86
		{CCA149C6-3C72-4659-A4A1-13C9CC0DD6CE}.Ad-Hoc|iPhoneSimulator.Build.0 = Release|x86
		{CCA149C6-3C72-4659-A4A1-13C9CC0DD6CE}.Ad-Hoc|iPhoneSimulator.Deploy.0 = Release|x86
		{CCA149C6-3C72-4659-A4A1-13C9CC0DD6CE}.Ad-Hoc|x64.ActiveCfg = Release|x64
		{CCA149C6-3C72-4659-A4A1-13C9CC0DD6CE}.Ad-Hoc|x64.Build.0 = Release|x64
		{CCA149C6-3C72-4659-A4A1-13C9CC0DD6CE}.Ad-Hoc|x64.Deploy.0 = Release|x64
		{CCA149C6-3C72-4659-A4A1-13C9CC0DD6CE}.Ad-Hoc|x86.ActiveCfg = Release|x86
		{CCA149C6-3C72-4659-A4A1-13C9CC0DD6CE}.Ad-Hoc|x86.Build.0 = Release|x86
		{CCA149C6-3C72-4659-A4A1-13C9CC0DD6CE}.Ad-Hoc|x86.Deploy.0 = Release|x86
		{CCA149C6-3C72-4659-A4A1-13C9CC0DD6CE}.AppStore|Any CPU.ActiveCfg = Release|x86
		{CCA149C6-3C72-4659-A4A1-13C9CC0DD6CE}.AppStore|Any CPU.Build.0 = Release|x86
		{CCA149C6-3C72-4659-A4A1-13C9CC0DD6CE}.AppStore|Any CPU.Deploy.0 = Release|x86
		{CCA149C6-3C72-4659-A4A1-13C9CC0DD6CE}.AppStore|ARM.ActiveCfg = Release|ARM
		{CCA149C6-3C72-4659-A4A1-13C9CC0DD6CE}.AppStore|ARM.Build.0 = Release|ARM
		{CCA149C6-3C72-4659-A4A1-13C9CC0DD6CE}.AppStore|ARM.Deploy.0 = Release|ARM
		{CCA149C6-3C72-4659-A4A1-13C9CC0DD6CE}.AppStore|iPhone.ActiveCfg = Release|x86
		{CCA149C6-3C72-4659-A4A1-13C9CC0DD6CE}.AppStore|iPhone.Build.0 = Release|x86
		{CCA149C6-3C72-4659-A4A1-13C9CC0DD6CE}.AppStore|iPhone.Deploy.0 = Release|x86
		{CCA149C6-3C72-4659-A4A1-13C9CC0DD6CE}.AppStore|iPhoneSimulator.ActiveCfg = Release|x86
		{CCA149C6-3C72-4659-A4A1-13C9CC0DD6CE}.AppStore|iPhoneSimulator.Build.0 = Release|x86
		{CCA149C6-3C72-4659-A4A1-13C9CC0DD6CE}.AppStore|iPhoneSimulator.Deploy.0 = Release|x86
		{CCA149C6-3C72-4659-A4A1-13C9CC0DD6CE}.AppStore|x64.ActiveCfg = Release|x64
		{CCA149C6-3C72-4659-A4A1-13C9CC0DD6CE}.AppStore|x64.Build.0 = Release|x64
		{CCA149C6-3C72-4659-A4A1-13C9CC0DD6CE}.AppStore|x64.Deploy.0 = Release|x64
		{CCA149C6-3C72-4659-A4A1-13C9CC0DD6CE}.AppStore|x86.ActiveCfg = Release|x86
		{CCA149C6-3C72-4659-A4A1-13C9CC0DD6CE}.AppStore|x86.Build.0 = Release|x86
		{CCA149C6-3C72-4659-A4A1-13C9CC0DD6CE}.AppStore|x86.Deploy.0 = Release|x86
		{CCA149C6-3C72-4659-A4A1-13C9CC0DD6CE}.Debug|Any CPU.ActiveCfg = Debug|x86
		{CCA149C6-3C72-4659-A4A1-13C9CC0DD6CE}.Debug|ARM.ActiveCfg = Debug|ARM
		{CCA149C6-3C72-4659-A4A1-13C9CC0DD6CE}.Debug|ARM.Build.0 = Debug|ARM
		{CCA149C6-3C72-4659-A4A1-13C9CC0DD6CE}.Debug|ARM.Deploy.0 = Debug|ARM
		{CCA149C6-3C72-4659-A4A1-13C9CC0DD6CE}.Debug|iPhone.ActiveCfg = Debug|x86
		{CCA149C6-3C72-4659-A4A1-13C9CC0DD6CE}.Debug|iPhoneSimulator.ActiveCfg = Debug|x86
		{CCA149C6-3C72-4659-A4A1-13C9CC0DD6CE}.Debug|x64.ActiveCfg = Debug|x64
		{CCA149C6-3C72-4659-A4A1-13C9CC0DD6CE}.Debug|x64.Build.0 = Debug|x64
		{CCA149C6-3C72-4659-A4A1-13C9CC0DD6CE}.Debug|x64.Deploy.0 = Debug|x64
		{CCA149C6-3C72-4659-A4A1-13C9CC0DD6CE}.Debug|x86.ActiveCfg = Debug|x86
		{CCA149C6-3C72-4659-A4A1-13C9CC0DD6CE}.Debug|x86.Build.0 = Debug|x86
		{CCA149C6-3C72-4659-A4A1-13C9CC0DD6CE}.Debug|x86.Deploy.0 = Debug|x86
		{CCA149C6-3C72-4659-A4A1-13C9CC0DD6CE}.Release|Any CPU.ActiveCfg = Release|x86
		{CCA149C6-3C72-4659-A4A1-13C9CC0DD6CE}.Release|ARM.ActiveCfg = Release|ARM
		{CCA149C6-3C72-4659-A4A1-13C9CC0DD6CE}.Release|ARM.Build.0 = Release|ARM
		{CCA149C6-3C72-4659-A4A1-13C9CC0DD6CE}.Release|ARM.Deploy.0 = Release|ARM
		{CCA149C6-3C72-4659-A4A1-13C9CC0DD6CE}.Release|iPhone.ActiveCfg = Release|x86
		{CCA149C6-3C72-4659-A4A1-13C9CC0DD6CE}.Release|iPhoneSimulator.ActiveCfg = Release|x86
		{CCA149C6-3C72-4659-A4A1-13C9CC0DD6CE}.Release|x64.ActiveCfg = Release|x64
		{CCA149C6-3C72-4659-A4A1-13C9CC0DD6CE}.Release|x64.Build.0 = Release|x64
		{CCA149C6-3C72-4659-A4A1-13C9CC0DD6CE}.Release|x64.Deploy.0 = Release|x64
		{CCA149C6-3C72-4659-A4A1-13C9CC0DD6CE}.Release|x86.ActiveCfg = Release|x86
		{CCA149C6-3C72-4659-A4A1-13C9CC0DD6CE}.Release|x86.Build.0 = Release|x86
		{CCA149C6-3C72-4659-A4A1-13C9CC0DD6CE}.Release|x86.Deploy.0 = Release|x86
		{FE28781E-7881-4980-B0CB-C91DCB68CC7D}.Ad-Hoc|Any CPU.ActiveCfg = Debug|Any CPU
		{FE28781E-7881-4980-B0CB-C91DCB68CC7D}.Ad-Hoc|Any CPU.Build.0 = Debug|Any CPU
		{FE28781E-7881-4980-B0CB-C91DCB68CC7D}.Ad-Hoc|ARM.ActiveCfg = Debug|Any CPU
		{FE28781E-7881-4980-B0CB-C91DCB68CC7D}.Ad-Hoc|ARM.Build.0 = Debug|Any CPU
		{FE28781E-7881-4980-B0CB-C91DCB68CC7D}.Ad-Hoc|iPhone.ActiveCfg = Debug|Any CPU
		{FE28781E-7881-4980-B0CB-C91DCB68CC7D}.Ad-Hoc|iPhone.Build.0 = Debug|Any CPU
		{FE28781E-7881-4980-B0CB-C91DCB68CC7D}.Ad-Hoc|iPhoneSimulator.ActiveCfg = Debug|Any CPU
		{FE28781E-7881-4980-B0CB-C91DCB68CC7D}.Ad-Hoc|iPhoneSimulator.Build.0 = Debug|Any CPU
		{FE28781E-7881-4980-B0CB-C91DCB68CC7D}.Ad-Hoc|x64.ActiveCfg = Debug|Any CPU
		{FE28781E-7881-4980-B0CB-C91DCB68CC7D}.Ad-Hoc|x64.Build.0 = Debug|Any CPU
		{FE28781E-7881-4980-B0CB-C91DCB68CC7D}.Ad-Hoc|x86.ActiveCfg = Debug|Any CPU
		{FE28781E-7881-4980-B0CB-C91DCB68CC7D}.Ad-Hoc|x86.Build.0 = Debug|Any CPU
		{FE28781E-7881-4980-B0CB-C91DCB68CC7D}.AppStore|Any CPU.ActiveCfg = Debug|Any CPU
		{FE28781E-7881-4980-B0CB-C91DCB68CC7D}.AppStore|Any CPU.Build.0 = Debug|Any CPU
		{FE28781E-7881-4980-B0CB-C91DCB68CC7D}.AppStore|ARM.ActiveCfg = Debug|Any CPU
		{FE28781E-7881-4980-B0CB-C91DCB68CC7D}.AppStore|ARM.Build.0 = Debug|Any CPU
		{FE28781E-7881-4980-B0CB-C91DCB68CC7D}.AppStore|iPhone.ActiveCfg = Debug|Any CPU
		{FE28781E-7881-4980-B0CB-C91DCB68CC7D}.AppStore|iPhone.Build.0 = Debug|Any CPU
		{FE28781E-7881-4980-B0CB-C91DCB68CC7D}.AppStore|iPhoneSimulator.ActiveCfg = Debug|Any CPU
		{FE28781E-7881-4980-B0CB-C91DCB68CC7D}.AppStore|iPhoneSimulator.Build.0 = Debug|Any CPU
		{FE28781E-7881-4980-B0CB-C91DCB68CC7D}.AppStore|x64.ActiveCfg = Debug|Any CPU
		{FE28781E-7881-4980-B0CB-C91DCB68CC7D}.AppStore|x64.Build.0 = Debug|Any CPU
		{FE28781E-7881-4980-B0CB-C91DCB68CC7D}.AppStore|x86.ActiveCfg = Debug|Any CPU
		{FE28781E-7881-4980-B0CB-C91DCB68CC7D}.AppStore|x86.Build.0 = Debug|Any CPU
		{FE28781E-7881-4980-B0CB-C91DCB68CC7D}.Debug|Any CPU.ActiveCfg = Debug|Any CPU
		{FE28781E-7881-4980-B0CB-C91DCB68CC7D}.Debug|Any CPU.Build.0 = Debug|Any CPU
		{FE28781E-7881-4980-B0CB-C91DCB68CC7D}.Debug|ARM.ActiveCfg = Debug|Any CPU
		{FE28781E-7881-4980-B0CB-C91DCB68CC7D}.Debug|ARM.Build.0 = Debug|Any CPU
		{FE28781E-7881-4980-B0CB-C91DCB68CC7D}.Debug|iPhone.ActiveCfg = Debug|Any CPU
		{FE28781E-7881-4980-B0CB-C91DCB68CC7D}.Debug|iPhone.Build.0 = Debug|Any CPU
		{FE28781E-7881-4980-B0CB-C91DCB68CC7D}.Debug|iPhoneSimulator.ActiveCfg = Debug|Any CPU
		{FE28781E-7881-4980-B0CB-C91DCB68CC7D}.Debug|iPhoneSimulator.Build.0 = Debug|Any CPU
		{FE28781E-7881-4980-B0CB-C91DCB68CC7D}.Debug|x64.ActiveCfg = Debug|Any CPU
		{FE28781E-7881-4980-B0CB-C91DCB68CC7D}.Debug|x64.Build.0 = Debug|Any CPU
		{FE28781E-7881-4980-B0CB-C91DCB68CC7D}.Debug|x86.ActiveCfg = Debug|Any CPU
		{FE28781E-7881-4980-B0CB-C91DCB68CC7D}.Debug|x86.Build.0 = Debug|Any CPU
		{FE28781E-7881-4980-B0CB-C91DCB68CC7D}.Release|Any CPU.ActiveCfg = Release|Any CPU
		{FE28781E-7881-4980-B0CB-C91DCB68CC7D}.Release|Any CPU.Build.0 = Release|Any CPU
		{FE28781E-7881-4980-B0CB-C91DCB68CC7D}.Release|ARM.ActiveCfg = Release|Any CPU
		{FE28781E-7881-4980-B0CB-C91DCB68CC7D}.Release|ARM.Build.0 = Release|Any CPU
		{FE28781E-7881-4980-B0CB-C91DCB68CC7D}.Release|iPhone.ActiveCfg = Release|Any CPU
		{FE28781E-7881-4980-B0CB-C91DCB68CC7D}.Release|iPhone.Build.0 = Release|Any CPU
		{FE28781E-7881-4980-B0CB-C91DCB68CC7D}.Release|iPhoneSimulator.ActiveCfg = Release|Any CPU
		{FE28781E-7881-4980-B0CB-C91DCB68CC7D}.Release|iPhoneSimulator.Build.0 = Release|Any CPU
		{FE28781E-7881-4980-B0CB-C91DCB68CC7D}.Release|x64.ActiveCfg = Release|Any CPU
		{FE28781E-7881-4980-B0CB-C91DCB68CC7D}.Release|x64.Build.0 = Release|Any CPU
		{FE28781E-7881-4980-B0CB-C91DCB68CC7D}.Release|x86.ActiveCfg = Release|Any CPU
		{FE28781E-7881-4980-B0CB-C91DCB68CC7D}.Release|x86.Build.0 = Release|Any CPU
	EndGlobalSection
	GlobalSection(SolutionProperties) = preSolution
		HideSolutionNode = FALSE
	EndGlobalSection
	GlobalSection(ExtensibilityGlobals) = postSolution
		SolutionGuid = {CDAD0543-BCB1-4142-B4A0-390CC92BCEDB}
	EndGlobalSection
EndGlobal
